
Microsoft Visual Studio Solution File, Format Version 12.00
# Visual Studio 15
VisualStudioVersion = 15.0.27428.2005
MinimumVisualStudioVersion = 10.0.40219.1
Project("{9A19103F-16F7-4668-BE54-9A1E7A4F7556}") = "MeetUpApp", "MeetUpApp.csproj", "{467E4AE8-4C6D-4E01-99EE-506FE89CE5DA}"
EndProject
Global
	GlobalSection(SolutionConfigurationPlatforms) = preSolution
		Debug|Any CPU = Debug|Any CPU
		Release|Any CPU = Release|Any CPU
	EndGlobalSection
	GlobalSection(ProjectConfigurationPlatforms) = postSolution
		{467E4AE8-4C6D-4E01-99EE-506FE89CE5DA}.Debug|Any CPU.ActiveCfg = Debug|Any CPU
		{467E4AE8-4C6D-4E01-99EE-506FE89CE5DA}.Debug|Any CPU.Build.0 = Debug|Any CPU
		{467E4AE8-4C6D-4E01-99EE-506FE89CE5DA}.Release|Any CPU.ActiveCfg = Release|Any CPU
		{467E4AE8-4C6D-4E01-99EE-506FE89CE5DA}.Release|Any CPU.Build.0 = Release|Any CPU
	EndGlobalSection
	GlobalSection(SolutionProperties) = preSolution
		HideSolutionNode = FALSE
	EndGlobalSection
	GlobalSection(ExtensibilityGlobals) = postSolution
		SolutionGuid = {B9475C20-66EF-4C10-A188-319F316DB9C0}
	EndGlobalSection
EndGlobal
